{
	"name": "aggrid",
	"version": "1.0.1",
	"lockfileVersion": 1,
	"requires": true,
	"dependencies": {
		"package1": {
			"version": "2.0.0",
			"resolved": "http://localhost:4873/package1/-/package1-2.0.0.tgz",
			"integrity": "sha512-f+JDW8exiuoziM5udoUu97fyC1CVN8j7afo0M3KSqkRLoFzo2N/GAq5K0WE7lqoGc5v4pmj8oshd7Rdx2eOXZQ=="
		}
	}
}
